
Microsoft Visual Studio Solution File, Format Version 12.00
# Visual Studio Version 16
VisualStudioVersion = 16.0.29306.81
MinimumVisualStudioVersion = 10.0.40219.1
Project("{FAE04EC0-301F-11D3-BF4B-00C04F79EFBC}") = "VibRibbonPakExtractor", "VibRibbonPakExtractor/VibRibbonPakExtractor.csproj", "{D1ADE48F-3C72-48B0-8A70-6CD33B4E3CAE}"
EndProject
Global
	GlobalSection(SolutionConfigurationPlatforms) = preSolution
		Debug|Any CPU = Debug|Any CPU
		Release|Any CPU = Release|Any CPU
	EndGlobalSection
	GlobalSection(ProjectConfigurationPlatforms) = postSolution
		{D1ADE48F-3C72-48B0-8A70-6CD33B4E3CAE}.Debug|Any CPU.ActiveCfg = Debug|Any CPU
		{D1ADE48F-3C72-48B0-8A70-6CD33B4E3CAE}.Debug|Any CPU.Build.0 = Debug|Any CPU
		{D1ADE48F-3C72-48B0-8A70-6CD33B4E3CAE}.Release|Any CPU.ActiveCfg = Release|Any CPU
		{D1ADE48F-3C72-48B0-8A70-6CD33B4E3CAE}.Release|Any CPU.Build.0 = Release|Any CPU
	EndGlobalSection
	GlobalSection(SolutionProperties) = preSolution
		HideSolutionNode = FALSE
	EndGlobalSection
	GlobalSection(ExtensibilityGlobals) = postSolution
		SolutionGuid = {CE8CC3C0-5E94-48C7-8593-D400F4CF457C}
	EndGlobalSection
EndGlobal
